
Microsoft Visual Studio Solution File, Format Version 12.00
# Visual Studio Version 16
VisualStudioVersion = 16.0.31605.320
MinimumVisualStudioVersion = 10.0.40219.1
Project("{FAE04EC0-301F-11D3-BF4B-00C04F79EFBC}") = "Read configuration file", "Read configuration file.csproj", "{D7555A74-FF5E-4B0B-8361-95677ABAA20A}"
EndProject
Global
	GlobalSection(SolutionConfigurationPlatforms) = preSolution
		Debug|Any CPU = Debug|Any CPU
		Release|Any CPU = Release|Any CPU
	EndGlobalSection
	GlobalSection(ProjectConfigurationPlatforms) = postSolution
		{D7555A74-FF5E-4B0B-8361-95677ABAA20A}.Debug|Any CPU.ActiveCfg = Debug|Any CPU
		{D7555A74-FF5E-4B0B-8361-95677ABAA20A}.Debug|Any CPU.Build.0 = Debug|Any CPU
		{D7555A74-FF5E-4B0B-8361-95677ABAA20A}.Release|Any CPU.ActiveCfg = Release|Any CPU
		{D7555A74-FF5E-4B0B-8361-95677ABAA20A}.Release|Any CPU.Build.0 = Release|Any CPU
	EndGlobalSection
	GlobalSection(SolutionProperties) = preSolution
		HideSolutionNode = FALSE
	EndGlobalSection
	GlobalSection(ExtensibilityGlobals) = postSolution
		SolutionGuid = {57E07473-8DC8-412A-A237-AE7D1EDC8553}
	EndGlobalSection
EndGlobal
